
Microsoft Visual Studio Solution File, Format Version 12.00
Project("{FAE04EC0-301F-11D3-BF4B-00C04F79EFBC}") = "Pipelinez", "Pipelinez\Pipelinez.csproj", "{2FBE23FB-0882-4026-9734-88006009DCF3}"
EndProject
Project("{FAE04EC0-301F-11D3-BF4B-00C04F79EFBC}") = "Pipelinez.Kafka", "Pipelinez.Kafka\Pipelinez.Kafka.csproj", "{A7E3F90C-67AB-4E0A-8B8A-8421D7A8F6F4}"
EndProject
Project("{2150E333-8FDC-42A3-9474-1A3956D46DE8}") = "Tests", "Tests", "{6148F783-9A51-48BB-BBB7-3A12E3B0A5DE}"
EndProject
Project("{FAE04EC0-301F-11D3-BF4B-00C04F79EFBC}") = "Pipelinez.Tests", "tests\Pipelinez.Tests\Pipelinez.Tests.csproj", "{F65D05DF-35D4-4D99-9715-F8AE72FE3177}"
EndProject
Project("{FAE04EC0-301F-11D3-BF4B-00C04F79EFBC}") = "Pipelinez.Kafka.Tests", "tests\Pipelinez.Kafka.Tests\Pipelinez.Kafka.Tests.csproj", "{213D5A1F-49B6-46E6-BCBE-F41FA10AAA25}"
EndProject
Project("{2150E333-8FDC-42A3-9474-1A3956D46DE8}") = "Examples", "Examples", "{5EFA715F-5E86-4E93-83DC-A7A2E055B82C}"
EndProject
Project("{FAE04EC0-301F-11D3-BF4B-00C04F79EFBC}") = "Example.Kafka", "examples\Example.Kafka\Example.Kafka.csproj", "{122264A5-5A16-4BB8-9E4D-B053AB6EB807}"
EndProject
Project("{FAE04EC0-301F-11D3-BF4B-00C04F79EFBC}") = "Example.Kafka.DataGen", "examples\Example.Kafka.DataGen\Example.Kafka.DataGen.csproj", "{6489F05B-AB04-4491-93D9-688961D08B9D}"
EndProject
Project("{2150E333-8FDC-42A3-9474-1A3956D46DE8}") = "benchmarks", "benchmarks", "{66320409-64EC-F7C5-3DEF-65E7510DAAD1}"
EndProject
Project("{FAE04EC0-301F-11D3-BF4B-00C04F79EFBC}") = "Pipelinez.Benchmarks", "benchmarks\Pipelinez.Benchmarks\Pipelinez.Benchmarks.csproj", "{DCF80839-94E8-4E52-A4E7-E70C307C543B}"
EndProject
Project("{FAE04EC0-301F-11D3-BF4B-00C04F79EFBC}") = "Pipelinez.PostgreSql", "Pipelinez.PostgreSql\Pipelinez.PostgreSql.csproj", "{E6ED13DA-3159-40CC-87C6-E8A1C89D518C}"
EndProject
Project("{FAE04EC0-301F-11D3-BF4B-00C04F79EFBC}") = "Pipelinez.PostgreSql.Tests", "tests\Pipelinez.PostgreSql.Tests\Pipelinez.PostgreSql.Tests.csproj", "{6AC3F72D-7498-4552-BD69-E1EDE331FC63}"
EndProject
Project("{FAE04EC0-301F-11D3-BF4B-00C04F79EFBC}") = "Pipelinez.AzureServiceBus", "Pipelinez.AzureServiceBus\Pipelinez.AzureServiceBus.csproj", "{59277887-1B53-4F2C-8CE5-ABFF0FC0015B}"
EndProject
Project("{FAE04EC0-301F-11D3-BF4B-00C04F79EFBC}") = "Pipelinez.AzureServiceBus.Tests", "tests\Pipelinez.AzureServiceBus.Tests\Pipelinez.AzureServiceBus.Tests.csproj", "{B079C615-68A4-44D9-9332-59337B2DEE5B}"
EndProject
Project("{FAE04EC0-301F-11D3-BF4B-00C04F79EFBC}") = "Example.AzureServiceBus", "examples\Example.AzureServiceBus\Example.AzureServiceBus.csproj", "{A681F705-508F-4117-8085-18699E6ECFB6}"
EndProject
Project("{FAE04EC0-301F-11D3-BF4B-00C04F79EFBC}") = "Pipelinez.RabbitMQ", "Pipelinez.RabbitMQ\Pipelinez.RabbitMQ.csproj", "{81A134BF-3C05-43BA-B6B8-105FA65EB755}"
EndProject
Project("{FAE04EC0-301F-11D3-BF4B-00C04F79EFBC}") = "Pipelinez.RabbitMQ.Tests", "tests\Pipelinez.RabbitMQ.Tests\Pipelinez.RabbitMQ.Tests.csproj", "{3367DE68-5716-4A79-86A4-946EC6A919E0}"
EndProject
Project("{FAE04EC0-301F-11D3-BF4B-00C04F79EFBC}") = "Example.RabbitMQ", "examples\Example.RabbitMQ\Example.RabbitMQ.csproj", "{0AA10637-3B08-4EBD-B1CB-02766BD57B83}"
EndProject
Project("{FAE04EC0-301F-11D3-BF4B-00C04F79EFBC}") = "Pipelinez.SqlServer", "Pipelinez.SqlServer\Pipelinez.SqlServer.csproj", "{B91060CF-E34A-4A17-B22B-18CE8ABC7969}"
EndProject
Project("{FAE04EC0-301F-11D3-BF4B-00C04F79EFBC}") = "Pipelinez.SqlServer.Tests", "tests\Pipelinez.SqlServer.Tests\Pipelinez.SqlServer.Tests.csproj", "{485D36E6-945C-4CE5-8311-E66359A1D818}"
EndProject
Project("{FAE04EC0-301F-11D3-BF4B-00C04F79EFBC}") = "Example.SqlServer", "examples\Example.SqlServer\Example.SqlServer.csproj", "{A1DACDA3-3A98-476E-8560-5113DDF57454}"
EndProject
Global
	GlobalSection(SolutionConfigurationPlatforms) = preSolution
		Debug|Any CPU = Debug|Any CPU
		Debug|x64 = Debug|x64
		Debug|x86 = Debug|x86
		Release|Any CPU = Release|Any CPU
		Release|x64 = Release|x64
		Release|x86 = Release|x86
	EndGlobalSection
	GlobalSection(ProjectConfigurationPlatforms) = postSolution
		{2FBE23FB-0882-4026-9734-88006009DCF3}.Debug|Any CPU.ActiveCfg = Debug|Any CPU
		{2FBE23FB-0882-4026-9734-88006009DCF3}.Debug|Any CPU.Build.0 = Debug|Any CPU
		{2FBE23FB-0882-4026-9734-88006009DCF3}.Debug|x64.ActiveCfg = Debug|Any CPU
		{2FBE23FB-0882-4026-9734-88006009DCF3}.Debug|x64.Build.0 = Debug|Any CPU
		{2FBE23FB-0882-4026-9734-88006009DCF3}.Debug|x86.ActiveCfg = Debug|Any CPU
		{2FBE23FB-0882-4026-9734-88006009DCF3}.Debug|x86.Build.0 = Debug|Any CPU
		{2FBE23FB-0882-4026-9734-88006009DCF3}.Release|Any CPU.ActiveCfg = Release|Any CPU
		{2FBE23FB-0882-4026-9734-88006009DCF3}.Release|Any CPU.Build.0 = Release|Any CPU
		{2FBE23FB-0882-4026-9734-88006009DCF3}.Release|x64.ActiveCfg = Release|Any CPU
		{2FBE23FB-0882-4026-9734-88006009DCF3}.Release|x64.Build.0 = Release|Any CPU
		{2FBE23FB-0882-4026-9734-88006009DCF3}.Release|x86.ActiveCfg = Release|Any CPU
		{2FBE23FB-0882-4026-9734-88006009DCF3}.Release|x86.Build.0 = Release|Any CPU
		{A7E3F90C-67AB-4E0A-8B8A-8421D7A8F6F4}.Debug|Any CPU.ActiveCfg = Debug|Any CPU
		{A7E3F90C-67AB-4E0A-8B8A-8421D7A8F6F4}.Debug|Any CPU.Build.0 = Debug|Any CPU
		{A7E3F90C-67AB-4E0A-8B8A-8421D7A8F6F4}.Debug|x64.ActiveCfg = Debug|Any CPU
		{A7E3F90C-67AB-4E0A-8B8A-8421D7A8F6F4}.Debug|x64.Build.0 = Debug|Any CPU
		{A7E3F90C-67AB-4E0A-8B8A-8421D7A8F6F4}.Debug|x86.ActiveCfg = Debug|Any CPU
		{A7E3F90C-67AB-4E0A-8B8A-8421D7A8F6F4}.Debug|x86.Build.0 = Debug|Any CPU
		{A7E3F90C-67AB-4E0A-8B8A-8421D7A8F6F4}.Release|Any CPU.ActiveCfg = Release|Any CPU
		{A7E3F90C-67AB-4E0A-8B8A-8421D7A8F6F4}.Release|Any CPU.Build.0 = Release|Any CPU
		{A7E3F90C-67AB-4E0A-8B8A-8421D7A8F6F4}.Release|x64.ActiveCfg = Release|Any CPU
		{A7E3F90C-67AB-4E0A-8B8A-8421D7A8F6F4}.Release|x64.Build.0 = Release|Any CPU
		{A7E3F90C-67AB-4E0A-8B8A-8421D7A8F6F4}.Release|x86.ActiveCfg = Release|Any CPU
		{A7E3F90C-67AB-4E0A-8B8A-8421D7A8F6F4}.Release|x86.Build.0 = Release|Any CPU
		{F65D05DF-35D4-4D99-9715-F8AE72FE3177}.Debug|Any CPU.ActiveCfg = Debug|Any CPU
		{F65D05DF-35D4-4D99-9715-F8AE72FE3177}.Debug|Any CPU.Build.0 = Debug|Any CPU
		{F65D05DF-35D4-4D99-9715-F8AE72FE3177}.Debug|x64.ActiveCfg = Debug|Any CPU
		{F65D05DF-35D4-4D99-9715-F8AE72FE3177}.Debug|x64.Build.0 = Debug|Any CPU
		{F65D05DF-35D4-4D99-9715-F8AE72FE3177}.Debug|x86.ActiveCfg = Debug|Any CPU
		{F65D05DF-35D4-4D99-9715-F8AE72FE3177}.Debug|x86.Build.0 = Debug|Any CPU
		{F65D05DF-35D4-4D99-9715-F8AE72FE3177}.Release|Any CPU.ActiveCfg = Release|Any CPU
		{F65D05DF-35D4-4D99-9715-F8AE72FE3177}.Release|Any CPU.Build.0 = Release|Any CPU
		{F65D05DF-35D4-4D99-9715-F8AE72FE3177}.Release|x64.ActiveCfg = Release|Any CPU
		{F65D05DF-35D4-4D99-9715-F8AE72FE3177}.Release|x64.Build.0 = Release|Any CPU
		{F65D05DF-35D4-4D99-9715-F8AE72FE3177}.Release|x86.ActiveCfg = Release|Any CPU
		{F65D05DF-35D4-4D99-9715-F8AE72FE3177}.Release|x86.Build.0 = Release|Any CPU
		{213D5A1F-49B6-46E6-BCBE-F41FA10AAA25}.Debug|Any CPU.ActiveCfg = Debug|Any CPU
		{213D5A1F-49B6-46E6-BCBE-F41FA10AAA25}.Debug|Any CPU.Build.0 = Debug|Any CPU
		{213D5A1F-49B6-46E6-BCBE-F41FA10AAA25}.Debug|x64.ActiveCfg = Debug|Any CPU
		{213D5A1F-49B6-46E6-BCBE-F41FA10AAA25}.Debug|x64.Build.0 = Debug|Any CPU
		{213D5A1F-49B6-46E6-BCBE-F41FA10AAA25}.Debug|x86.ActiveCfg = Debug|Any CPU
		{213D5A1F-49B6-46E6-BCBE-F41FA10AAA25}.Debug|x86.Build.0 = Debug|Any CPU
		{213D5A1F-49B6-46E6-BCBE-F41FA10AAA25}.Release|Any CPU.ActiveCfg = Release|Any CPU
		{213D5A1F-49B6-46E6-BCBE-F41FA10AAA25}.Release|Any CPU.Build.0 = Release|Any CPU
		{213D5A1F-49B6-46E6-BCBE-F41FA10AAA25}.Release|x64.ActiveCfg = Release|Any CPU
		{213D5A1F-49B6-46E6-BCBE-F41FA10AAA25}.Release|x64.Build.0 = Release|Any CPU
		{213D5A1F-49B6-46E6-BCBE-F41FA10AAA25}.Release|x86.ActiveCfg = Release|Any CPU
		{213D5A1F-49B6-46E6-BCBE-F41FA10AAA25}.Release|x86.Build.0 = Release|Any CPU
		{122264A5-5A16-4BB8-9E4D-B053AB6EB807}.Debug|Any CPU.ActiveCfg = Debug|Any CPU
		{122264A5-5A16-4BB8-9E4D-B053AB6EB807}.Debug|Any CPU.Build.0 = Debug|Any CPU
		{122264A5-5A16-4BB8-9E4D-B053AB6EB807}.Debug|x64.ActiveCfg = Debug|Any CPU
		{122264A5-5A16-4BB8-9E4D-B053AB6EB807}.Debug|x64.Build.0 = Debug|Any CPU
		{122264A5-5A16-4BB8-9E4D-B053AB6EB807}.Debug|x86.ActiveCfg = Debug|Any CPU
		{122264A5-5A16-4BB8-9E4D-B053AB6EB807}.Debug|x86.Build.0 = Debug|Any CPU
		{122264A5-5A16-4BB8-9E4D-B053AB6EB807}.Release|Any CPU.ActiveCfg = Release|Any CPU
		{122264A5-5A16-4BB8-9E4D-B053AB6EB807}.Release|Any CPU.Build.0 = Release|Any CPU
		{122264A5-5A16-4BB8-9E4D-B053AB6EB807}.Release|x64.ActiveCfg = Release|Any CPU
		{122264A5-5A16-4BB8-9E4D-B053AB6EB807}.Release|x64.Build.0 = Release|Any CPU
		{122264A5-5A16-4BB8-9E4D-B053AB6EB807}.Release|x86.ActiveCfg = Release|Any CPU
		{122264A5-5A16-4BB8-9E4D-B053AB6EB807}.Release|x86.Build.0 = Release|Any CPU
		{6489F05B-AB04-4491-93D9-688961D08B9D}.Debug|Any CPU.ActiveCfg = Debug|Any CPU
		{6489F05B-AB04-4491-93D9-688961D08B9D}.Debug|Any CPU.Build.0 = Debug|Any CPU
		{6489F05B-AB04-4491-93D9-688961D08B9D}.Debug|x64.ActiveCfg = Debug|Any CPU
		{6489F05B-AB04-4491-93D9-688961D08B9D}.Debug|x64.Build.0 = Debug|Any CPU
		{6489F05B-AB04-4491-93D9-688961D08B9D}.Debug|x86.ActiveCfg = Debug|Any CPU
		{6489F05B-AB04-4491-93D9-688961D08B9D}.Debug|x86.Build.0 = Debug|Any CPU
		{6489F05B-AB04-4491-93D9-688961D08B9D}.Release|Any CPU.ActiveCfg = Release|Any CPU
		{6489F05B-AB04-4491-93D9-688961D08B9D}.Release|Any CPU.Build.0 = Release|Any CPU
		{6489F05B-AB04-4491-93D9-688961D08B9D}.Release|x64.ActiveCfg = Release|Any CPU
		{6489F05B-AB04-4491-93D9-688961D08B9D}.Release|x64.Build.0 = Release|Any CPU
		{6489F05B-AB04-4491-93D9-688961D08B9D}.Release|x86.ActiveCfg = Release|Any CPU
		{6489F05B-AB04-4491-93D9-688961D08B9D}.Release|x86.Build.0 = Release|Any CPU
		{DCF80839-94E8-4E52-A4E7-E70C307C543B}.Debug|Any CPU.ActiveCfg = Debug|Any CPU
		{DCF80839-94E8-4E52-A4E7-E70C307C543B}.Debug|Any CPU.Build.0 = Debug|Any CPU
		{DCF80839-94E8-4E52-A4E7-E70C307C543B}.Debug|x64.ActiveCfg = Debug|Any CPU
		{DCF80839-94E8-4E52-A4E7-E70C307C543B}.Debug|x64.Build.0 = Debug|Any CPU
		{DCF80839-94E8-4E52-A4E7-E70C307C543B}.Debug|x86.ActiveCfg = Debug|Any CPU
		{DCF80839-94E8-4E52-A4E7-E70C307C543B}.Debug|x86.Build.0 = Debug|Any CPU
		{DCF80839-94E8-4E52-A4E7-E70C307C543B}.Release|Any CPU.ActiveCfg = Release|Any CPU
		{DCF80839-94E8-4E52-A4E7-E70C307C543B}.Release|Any CPU.Build.0 = Release|Any CPU
		{DCF80839-94E8-4E52-A4E7-E70C307C543B}.Release|x64.ActiveCfg = Release|Any CPU
		{DCF80839-94E8-4E52-A4E7-E70C307C543B}.Release|x64.Build.0 = Release|Any CPU
		{DCF80839-94E8-4E52-A4E7-E70C307C543B}.Release|x86.ActiveCfg = Release|Any CPU
		{DCF80839-94E8-4E52-A4E7-E70C307C543B}.Release|x86.Build.0 = Release|Any CPU
		{E6ED13DA-3159-40CC-87C6-E8A1C89D518C}.Debug|Any CPU.ActiveCfg = Debug|Any CPU
		{E6ED13DA-3159-40CC-87C6-E8A1C89D518C}.Debug|Any CPU.Build.0 = Debug|Any CPU
		{E6ED13DA-3159-40CC-87C6-E8A1C89D518C}.Debug|x64.ActiveCfg = Debug|Any CPU
		{E6ED13DA-3159-40CC-87C6-E8A1C89D518C}.Debug|x64.Build.0 = Debug|Any CPU
		{E6ED13DA-3159-40CC-87C6-E8A1C89D518C}.Debug|x86.ActiveCfg = Debug|Any CPU
		{E6ED13DA-3159-40CC-87C6-E8A1C89D518C}.Debug|x86.Build.0 = Debug|Any CPU
		{E6ED13DA-3159-40CC-87C6-E8A1C89D518C}.Release|Any CPU.ActiveCfg = Release|Any CPU
		{E6ED13DA-3159-40CC-87C6-E8A1C89D518C}.Release|Any CPU.Build.0 = Release|Any CPU
		{E6ED13DA-3159-40CC-87C6-E8A1C89D518C}.Release|x64.ActiveCfg = Release|Any CPU
		{E6ED13DA-3159-40CC-87C6-E8A1C89D518C}.Release|x64.Build.0 = Release|Any CPU
		{E6ED13DA-3159-40CC-87C6-E8A1C89D518C}.Release|x86.ActiveCfg = Release|Any CPU
		{E6ED13DA-3159-40CC-87C6-E8A1C89D518C}.Release|x86.Build.0 = Release|Any CPU
		{6AC3F72D-7498-4552-BD69-E1EDE331FC63}.Debug|Any CPU.ActiveCfg = Debug|Any CPU
		{6AC3F72D-7498-4552-BD69-E1EDE331FC63}.Debug|Any CPU.Build.0 = Debug|Any CPU
		{6AC3F72D-7498-4552-BD69-E1EDE331FC63}.Debug|x64.ActiveCfg = Debug|Any CPU
		{6AC3F72D-7498-4552-BD69-E1EDE331FC63}.Debug|x64.Build.0 = Debug|Any CPU
		{6AC3F72D-7498-4552-BD69-E1EDE331FC63}.Debug|x86.ActiveCfg = Debug|Any CPU
		{6AC3F72D-7498-4552-BD69-E1EDE331FC63}.Debug|x86.Build.0 = Debug|Any CPU
		{6AC3F72D-7498-4552-BD69-E1EDE331FC63}.Release|Any CPU.ActiveCfg = Release|Any CPU
		{6AC3F72D-7498-4552-BD69-E1EDE331FC63}.Release|Any CPU.Build.0 = Release|Any CPU
		{6AC3F72D-7498-4552-BD69-E1EDE331FC63}.Release|x64.ActiveCfg = Release|Any CPU
		{6AC3F72D-7498-4552-BD69-E1EDE331FC63}.Release|x64.Build.0 = Release|Any CPU
		{6AC3F72D-7498-4552-BD69-E1EDE331FC63}.Release|x86.ActiveCfg = Release|Any CPU
		{6AC3F72D-7498-4552-BD69-E1EDE331FC63}.Release|x86.Build.0 = Release|Any CPU
		{59277887-1B53-4F2C-8CE5-ABFF0FC0015B}.Debug|Any CPU.ActiveCfg = Debug|Any CPU
		{59277887-1B53-4F2C-8CE5-ABFF0FC0015B}.Debug|Any CPU.Build.0 = Debug|Any CPU
		{59277887-1B53-4F2C-8CE5-ABFF0FC0015B}.Debug|x64.ActiveCfg = Debug|Any CPU
		{59277887-1B53-4F2C-8CE5-ABFF0FC0015B}.Debug|x64.Build.0 = Debug|Any CPU
		{59277887-1B53-4F2C-8CE5-ABFF0FC0015B}.Debug|x86.ActiveCfg = Debug|Any CPU
		{59277887-1B53-4F2C-8CE5-ABFF0FC0015B}.Debug|x86.Build.0 = Debug|Any CPU
		{59277887-1B53-4F2C-8CE5-ABFF0FC0015B}.Release|Any CPU.ActiveCfg = Release|Any CPU
		{59277887-1B53-4F2C-8CE5-ABFF0FC0015B}.Release|Any CPU.Build.0 = Release|Any CPU
		{59277887-1B53-4F2C-8CE5-ABFF0FC0015B}.Release|x64.ActiveCfg = Release|Any CPU
		{59277887-1B53-4F2C-8CE5-ABFF0FC0015B}.Release|x64.Build.0 = Release|Any CPU
		{59277887-1B53-4F2C-8CE5-ABFF0FC0015B}.Release|x86.ActiveCfg = Release|Any CPU
		{59277887-1B53-4F2C-8CE5-ABFF0FC0015B}.Release|x86.Build.0 = Release|Any CPU
		{B079C615-68A4-44D9-9332-59337B2DEE5B}.Debug|Any CPU.ActiveCfg = Debug|Any CPU
		{B079C615-68A4-44D9-9332-59337B2DEE5B}.Debug|Any CPU.Build.0 = Debug|Any CPU
		{B079C615-68A4-44D9-9332-59337B2DEE5B}.Debug|x64.ActiveCfg = Debug|Any CPU
		{B079C615-68A4-44D9-9332-59337B2DEE5B}.Debug|x64.Build.0 = Debug|Any CPU
		{B079C615-68A4-44D9-9332-59337B2DEE5B}.Debug|x86.ActiveCfg = Debug|Any CPU
		{B079C615-68A4-44D9-9332-59337B2DEE5B}.Debug|x86.Build.0 = Debug|Any CPU
		{B079C615-68A4-44D9-9332-59337B2DEE5B}.Release|Any CPU.ActiveCfg = Release|Any CPU
		{B079C615-68A4-44D9-9332-59337B2DEE5B}.Release|Any CPU.Build.0 = Release|Any CPU
		{B079C615-68A4-44D9-9332-59337B2DEE5B}.Release|x64.ActiveCfg = Release|Any CPU
		{B079C615-68A4-44D9-9332-59337B2DEE5B}.Release|x64.Build.0 = Release|Any CPU
		{B079C615-68A4-44D9-9332-59337B2DEE5B}.Release|x86.ActiveCfg = Release|Any CPU
		{B079C615-68A4-44D9-9332-59337B2DEE5B}.Release|x86.Build.0 = Release|Any CPU
		{A681F705-508F-4117-8085-18699E6ECFB6}.Debug|Any CPU.ActiveCfg = Debug|Any CPU
		{A681F705-508F-4117-8085-18699E6ECFB6}.Debug|Any CPU.Build.0 = Debug|Any CPU
		{A681F705-508F-4117-8085-18699E6ECFB6}.Debug|x64.ActiveCfg = Debug|Any CPU
		{A681F705-508F-4117-8085-18699E6ECFB6}.Debug|x64.Build.0 = Debug|Any CPU
		{A681F705-508F-4117-8085-18699E6ECFB6}.Debug|x86.ActiveCfg = Debug|Any CPU
		{A681F705-508F-4117-8085-18699E6ECFB6}.Debug|x86.Build.0 = Debug|Any CPU
		{A681F705-508F-4117-8085-18699E6ECFB6}.Release|Any CPU.ActiveCfg = Release|Any CPU
		{A681F705-508F-4117-8085-18699E6ECFB6}.Release|Any CPU.Build.0 = Release|Any CPU
		{A681F705-508F-4117-8085-18699E6ECFB6}.Release|x64.ActiveCfg = Release|Any CPU
		{A681F705-508F-4117-8085-18699E6ECFB6}.Release|x64.Build.0 = Release|Any CPU
		{A681F705-508F-4117-8085-18699E6ECFB6}.Release|x86.ActiveCfg = Release|Any CPU
		{A681F705-508F-4117-8085-18699E6ECFB6}.Release|x86.Build.0 = Release|Any CPU
		{81A134BF-3C05-43BA-B6B8-105FA65EB755}.Debug|Any CPU.ActiveCfg = Debug|Any CPU
		{81A134BF-3C05-43BA-B6B8-105FA65EB755}.Debug|Any CPU.Build.0 = Debug|Any CPU
		{81A134BF-3C05-43BA-B6B8-105FA65EB755}.Debug|x64.ActiveCfg = Debug|Any CPU
		{81A134BF-3C05-43BA-B6B8-105FA65EB755}.Debug|x64.Build.0 = Debug|Any CPU
		{81A134BF-3C05-43BA-B6B8-105FA65EB755}.Debug|x86.ActiveCfg = Debug|Any CPU
		{81A134BF-3C05-43BA-B6B8-105FA65EB755}.Debug|x86.Build.0 = Debug|Any CPU
		{81A134BF-3C05-43BA-B6B8-105FA65EB755}.Release|Any CPU.ActiveCfg = Release|Any CPU
		{81A134BF-3C05-43BA-B6B8-105FA65EB755}.Release|Any CPU.Build.0 = Release|Any CPU
		{81A134BF-3C05-43BA-B6B8-105FA65EB755}.Release|x64.ActiveCfg = Release|Any CPU
		{81A134BF-3C05-43BA-B6B8-105FA65EB755}.Release|x64.Build.0 = Release|Any CPU
		{81A134BF-3C05-43BA-B6B8-105FA65EB755}.Release|x86.ActiveCfg = Release|Any CPU
		{81A134BF-3C05-43BA-B6B8-105FA65EB755}.Release|x86.Build.0 = Release|Any CPU
		{3367DE68-5716-4A79-86A4-946EC6A919E0}.Debug|Any CPU.ActiveCfg = Debug|Any CPU
		{3367DE68-5716-4A79-86A4-946EC6A919E0}.Debug|Any CPU.Build.0 = Debug|Any CPU
		{3367DE68-5716-4A79-86A4-946EC6A919E0}.Debug|x64.ActiveCfg = Debug|Any CPU
		{3367DE68-5716-4A79-86A4-946EC6A919E0}.Debug|x64.Build.0 = Debug|Any CPU
		{3367DE68-5716-4A79-86A4-946EC6A919E0}.Debug|x86.ActiveCfg = Debug|Any CPU
		{3367DE68-5716-4A79-86A4-946EC6A919E0}.Debug|x86.Build.0 = Debug|Any CPU
		{3367DE68-5716-4A79-86A4-946EC6A919E0}.Release|Any CPU.ActiveCfg = Release|Any CPU
		{3367DE68-5716-4A79-86A4-946EC6A919E0}.Release|Any CPU.Build.0 = Release|Any CPU
		{3367DE68-5716-4A79-86A4-946EC6A919E0}.Release|x64.ActiveCfg = Release|Any CPU
		{3367DE68-5716-4A79-86A4-946EC6A919E0}.Release|x64.Build.0 = Release|Any CPU
		{3367DE68-5716-4A79-86A4-946EC6A919E0}.Release|x86.ActiveCfg = Release|Any CPU
		{3367DE68-5716-4A79-86A4-946EC6A919E0}.Release|x86.Build.0 = Release|Any CPU
		{0AA10637-3B08-4EBD-B1CB-02766BD57B83}.Debug|Any CPU.ActiveCfg = Debug|Any CPU
		{0AA10637-3B08-4EBD-B1CB-02766BD57B83}.Debug|Any CPU.Build.0 = Debug|Any CPU
		{0AA10637-3B08-4EBD-B1CB-02766BD57B83}.Debug|x64.ActiveCfg = Debug|Any CPU
		{0AA10637-3B08-4EBD-B1CB-02766BD57B83}.Debug|x64.Build.0 = Debug|Any CPU
		{0AA10637-3B08-4EBD-B1CB-02766BD57B83}.Debug|x86.ActiveCfg = Debug|Any CPU
		{0AA10637-3B08-4EBD-B1CB-02766BD57B83}.Debug|x86.Build.0 = Debug|Any CPU
		{0AA10637-3B08-4EBD-B1CB-02766BD57B83}.Release|Any CPU.ActiveCfg = Release|Any CPU
		{0AA10637-3B08-4EBD-B1CB-02766BD57B83}.Release|Any CPU.Build.0 = Release|Any CPU
		{0AA10637-3B08-4EBD-B1CB-02766BD57B83}.Release|x64.ActiveCfg = Release|Any CPU
		{0AA10637-3B08-4EBD-B1CB-02766BD57B83}.Release|x64.Build.0 = Release|Any CPU
		{0AA10637-3B08-4EBD-B1CB-02766BD57B83}.Release|x86.ActiveCfg = Release|Any CPU
		{0AA10637-3B08-4EBD-B1CB-02766BD57B83}.Release|x86.Build.0 = Release|Any CPU
		{B91060CF-E34A-4A17-B22B-18CE8ABC7969}.Debug|Any CPU.ActiveCfg = Debug|Any CPU
		{B91060CF-E34A-4A17-B22B-18CE8ABC7969}.Debug|Any CPU.Build.0 = Debug|Any CPU
		{B91060CF-E34A-4A17-B22B-18CE8ABC7969}.Debug|x64.ActiveCfg = Debug|Any CPU
		{B91060CF-E34A-4A17-B22B-18CE8ABC7969}.Debug|x64.Build.0 = Debug|Any CPU
		{B91060CF-E34A-4A17-B22B-18CE8ABC7969}.Debug|x86.ActiveCfg = Debug|Any CPU
		{B91060CF-E34A-4A17-B22B-18CE8ABC7969}.Debug|x86.Build.0 = Debug|Any CPU
		{B91060CF-E34A-4A17-B22B-18CE8ABC7969}.Release|Any CPU.ActiveCfg = Release|Any CPU
		{B91060CF-E34A-4A17-B22B-18CE8ABC7969}.Release|Any CPU.Build.0 = Release|Any CPU
		{B91060CF-E34A-4A17-B22B-18CE8ABC7969}.Release|x64.ActiveCfg = Release|Any CPU
		{B91060CF-E34A-4A17-B22B-18CE8ABC7969}.Release|x64.Build.0 = Release|Any CPU
		{B91060CF-E34A-4A17-B22B-18CE8ABC7969}.Release|x86.ActiveCfg = Release|Any CPU
		{B91060CF-E34A-4A17-B22B-18CE8ABC7969}.Release|x86.Build.0 = Release|Any CPU
		{485D36E6-945C-4CE5-8311-E66359A1D818}.Debug|Any CPU.ActiveCfg = Debug|Any CPU
		{485D36E6-945C-4CE5-8311-E66359A1D818}.Debug|Any CPU.Build.0 = Debug|Any CPU
		{485D36E6-945C-4CE5-8311-E66359A1D818}.Debug|x64.ActiveCfg = Debug|Any CPU
		{485D36E6-945C-4CE5-8311-E66359A1D818}.Debug|x64.Build.0 = Debug|Any CPU
		{485D36E6-945C-4CE5-8311-E66359A1D818}.Debug|x86.ActiveCfg = Debug|Any CPU
		{485D36E6-945C-4CE5-8311-E66359A1D818}.Debug|x86.Build.0 = Debug|Any CPU
		{485D36E6-945C-4CE5-8311-E66359A1D818}.Release|Any CPU.ActiveCfg = Release|Any CPU
		{485D36E6-945C-4CE5-8311-E66359A1D818}.Release|Any CPU.Build.0 = Release|Any CPU
		{485D36E6-945C-4CE5-8311-E66359A1D818}.Release|x64.ActiveCfg = Release|Any CPU
		{485D36E6-945C-4CE5-8311-E66359A1D818}.Release|x64.Build.0 = Release|Any CPU
		{485D36E6-945C-4CE5-8311-E66359A1D818}.Release|x86.ActiveCfg = Release|Any CPU
		{485D36E6-945C-4CE5-8311-E66359A1D818}.Release|x86.Build.0 = Release|Any CPU
		{A1DACDA3-3A98-476E-8560-5113DDF57454}.Debug|Any CPU.ActiveCfg = Debug|Any CPU
		{A1DACDA3-3A98-476E-8560-5113DDF57454}.Debug|Any CPU.Build.0 = Debug|Any CPU
		{A1DACDA3-3A98-476E-8560-5113DDF57454}.Debug|x64.ActiveCfg = Debug|Any CPU
		{A1DACDA3-3A98-476E-8560-5113DDF57454}.Debug|x64.Build.0 = Debug|Any CPU
		{A1DACDA3-3A98-476E-8560-5113DDF57454}.Debug|x86.ActiveCfg = Debug|Any CPU
		{A1DACDA3-3A98-476E-8560-5113DDF57454}.Debug|x86.Build.0 = Debug|Any CPU
		{A1DACDA3-3A98-476E-8560-5113DDF57454}.Release|Any CPU.ActiveCfg = Release|Any CPU
		{A1DACDA3-3A98-476E-8560-5113DDF57454}.Release|Any CPU.Build.0 = Release|Any CPU
		{A1DACDA3-3A98-476E-8560-5113DDF57454}.Release|x64.ActiveCfg = Release|Any CPU
		{A1DACDA3-3A98-476E-8560-5113DDF57454}.Release|x64.Build.0 = Release|Any CPU
		{A1DACDA3-3A98-476E-8560-5113DDF57454}.Release|x86.ActiveCfg = Release|Any CPU
		{A1DACDA3-3A98-476E-8560-5113DDF57454}.Release|x86.Build.0 = Release|Any CPU
	EndGlobalSection
	GlobalSection(SolutionProperties) = preSolution
		HideSolutionNode = FALSE
	EndGlobalSection
	GlobalSection(NestedProjects) = preSolution
		{F65D05DF-35D4-4D99-9715-F8AE72FE3177} = {6148F783-9A51-48BB-BBB7-3A12E3B0A5DE}
		{213D5A1F-49B6-46E6-BCBE-F41FA10AAA25} = {6148F783-9A51-48BB-BBB7-3A12E3B0A5DE}
		{122264A5-5A16-4BB8-9E4D-B053AB6EB807} = {5EFA715F-5E86-4E93-83DC-A7A2E055B82C}
		{6489F05B-AB04-4491-93D9-688961D08B9D} = {5EFA715F-5E86-4E93-83DC-A7A2E055B82C}
		{DCF80839-94E8-4E52-A4E7-E70C307C543B} = {66320409-64EC-F7C5-3DEF-65E7510DAAD1}
		{6AC3F72D-7498-4552-BD69-E1EDE331FC63} = {6148F783-9A51-48BB-BBB7-3A12E3B0A5DE}
		{B079C615-68A4-44D9-9332-59337B2DEE5B} = {6148F783-9A51-48BB-BBB7-3A12E3B0A5DE}
		{A681F705-508F-4117-8085-18699E6ECFB6} = {5EFA715F-5E86-4E93-83DC-A7A2E055B82C}
		{3367DE68-5716-4A79-86A4-946EC6A919E0} = {6148F783-9A51-48BB-BBB7-3A12E3B0A5DE}
		{0AA10637-3B08-4EBD-B1CB-02766BD57B83} = {5EFA715F-5E86-4E93-83DC-A7A2E055B82C}
		{485D36E6-945C-4CE5-8311-E66359A1D818} = {6148F783-9A51-48BB-BBB7-3A12E3B0A5DE}
		{A1DACDA3-3A98-476E-8560-5113DDF57454} = {5EFA715F-5E86-4E93-83DC-A7A2E055B82C}
	EndGlobalSection
EndGlobal
